
Microsoft Visual Studio Solution File, Format Version 12.00
# Visual Studio Version 17
VisualStudioVersion = 17.7.34031.279
MinimumVisualStudioVersion = 10.0.40219.1
Project("{8BC9CEB8-8B4A-11D0-8D11-00A0C91BC942}") = "Lab1.1", "lab1\lab1.vcxproj", "{51CD6923-C4E1-4D77-8A9A-60047B6A235A}"
EndProject
Project("{8BC9CEB8-8B4A-11D0-8D11-00A0C91BC942}") = "Lab1.2", "lab1.2\lab1.2.vcxproj", "{1DF0C919-6428-4938-ABA5-176139A00734}"
EndProject
Project("{8BC9CEB8-8B4A-11D0-8D11-00A0C91BC942}") = "Lab2.1", "lab2.1\lab2.1.vcxproj", "{6D41EBEC-6E33-4F25-B33A-4D2D14F162D6}"
EndProject
Project("{8BC9CEB8-8B4A-11D0-8D11-00A0C91BC942}") = "Lab2.2", "lab2.2\lab2.2.vcxproj", "{DE5E99F2-A688-4820-8EB7-F277EB94E106}"
EndProject
Project("{8BC9CEB8-8B4A-11D0-8D11-00A0C91BC942}") = "Lab2.3", "lab2.3\lab2.3.vcxproj", "{3F11510A-532C-4DF7-8D3B-F1B14DFFB22B}"
EndProject
Project("{8BC9CEB8-8B4A-11D0-8D11-00A0C91BC942}") = "Lab3", "Lab3\Lab3.vcxproj", "{6ACAD151-FBCB-411C-9F91-701075D27C5B}"
EndProject
Project("{8BC9CEB8-8B4A-11D0-8D11-00A0C91BC942}") = "Lab4", "Lab4\Lab4.vcxproj", "{D5BE4E62-01FB-44D1-AB34-858B0868567D}"
EndProject
Project("{8BC9CEB8-8B4A-11D0-8D11-00A0C91BC942}") = "Lab5.2", "Lab 5.2\Lab 5.2.vcxproj", "{B00275E4-1CDB-4CEC-BEDA-1C1583E2932A}"
EndProject
Project("{8BC9CEB8-8B4A-11D0-8D11-00A0C91BC942}") = "cum", "cum\cum.vcxproj", "{6E8298B6-2FF6-40A4-A43C-F5E7CC02685D}"
EndProject
Project("{8BC9CEB8-8B4A-11D0-8D11-00A0C91BC942}") = "Lab5.1", "Lab5.1\Lab5.1.vcxproj", "{E188620D-36CF-4B73-AE86-43C0ADE59119}"
EndProject
Project("{8BC9CEB8-8B4A-11D0-8D11-00A0C91BC942}") = "Lab6.1", "Lab6.1\Lab6.1.vcxproj", "{3ACDB330-BB91-4A0B-899C-42343CAA39B4}"
EndProject
Project("{8BC9CEB8-8B4A-11D0-8D11-00A0C91BC942}") = "Lab6.2", "Lab6.2\Lab6.2.vcxproj", "{E319C396-DED0-40C1-92C8-875687F92372}"
EndProject
Project("{8BC9CEB8-8B4A-11D0-8D11-00A0C91BC942}") = "Lab6.3", "Lab6.3\Lab6.3.vcxproj", "{320E1CED-A13A-4C41-8ADA-B3A7630BD8B4}"
EndProject
Project("{8BC9CEB8-8B4A-11D0-8D11-00A0C91BC942}") = "Lab7.1", "Lab7.1\Lab7.1.vcxproj", "{A8174675-D8F4-4C26-83EB-9F96760C38E2}"
EndProject
Project("{8BC9CEB8-8B4A-11D0-8D11-00A0C91BC942}") = "Lab7.2", "Lab7.2\Lab7.2.vcxproj", "{E21CFE62-B004-45F0-992E-42749396E8BE}"
EndProject
Project("{8BC9CEB8-8B4A-11D0-8D11-00A0C91BC942}") = "Lab7.3", "Lab7.3\Lab7.3.vcxproj", "{BB7E2783-3118-4335-8F42-3F6E2D92FBC0}"
EndProject
Project("{8BC9CEB8-8B4A-11D0-8D11-00A0C91BC942}") = "Lab8.1", "Lab8.1\Lab8.1.vcxproj", "{E02A5AB0-574E-44BF-97DD-0EEA13F6BDAF}"
EndProject
Project("{8BC9CEB8-8B4A-11D0-8D11-00A0C91BC942}") = "Lab8.2", "Lab8.2\Lab8.2.vcxproj", "{F86D19EB-4240-4594-9735-89EE7D67B57C}"
EndProject
Project("{8BC9CEB8-8B4A-11D0-8D11-00A0C91BC942}") = "Lab9", "Lab9\Lab9.vcxproj", "{301CA2E0-5825-476C-B4EB-E8C41DCD05C3}"
EndProject
Global
	GlobalSection(SolutionConfigurationPlatforms) = preSolution
		Debug|x64 = Debug|x64
		Debug|x86 = Debug|x86
		Release|x64 = Release|x64
		Release|x86 = Release|x86
	EndGlobalSection
	GlobalSection(ProjectConfigurationPlatforms) = postSolution
		{51CD6923-C4E1-4D77-8A9A-60047B6A235A}.Debug|x64.ActiveCfg = Debug|x64
		{51CD6923-C4E1-4D77-8A9A-60047B6A235A}.Debug|x64.Build.0 = Debug|x64
		{51CD6923-C4E1-4D77-8A9A-60047B6A235A}.Debug|x86.ActiveCfg = Debug|Win32
		{51CD6923-C4E1-4D77-8A9A-60047B6A235A}.Debug|x86.Build.0 = Debug|Win32
		{51CD6923-C4E1-4D77-8A9A-60047B6A235A}.Release|x64.ActiveCfg = Release|x64
		{51CD6923-C4E1-4D77-8A9A-60047B6A235A}.Release|x64.Build.0 = Release|x64
		{51CD6923-C4E1-4D77-8A9A-60047B6A235A}.Release|x86.ActiveCfg = Release|Win32
		{51CD6923-C4E1-4D77-8A9A-60047B6A235A}.Release|x86.Build.0 = Release|Win32
		{1DF0C919-6428-4938-ABA5-176139A00734}.Debug|x64.ActiveCfg = Debug|x64
		{1DF0C919-6428-4938-ABA5-176139A00734}.Debug|x64.Build.0 = Debug|x64
		{1DF0C919-6428-4938-ABA5-176139A00734}.Debug|x86.ActiveCfg = Debug|Win32
		{1DF0C919-6428-4938-ABA5-176139A00734}.Debug|x86.Build.0 = Debug|Win32
		{1DF0C919-6428-4938-ABA5-176139A00734}.Release|x64.ActiveCfg = Release|x64
		{1DF0C919-6428-4938-ABA5-176139A00734}.Release|x64.Build.0 = Release|x64
		{1DF0C919-6428-4938-ABA5-176139A00734}.Release|x86.ActiveCfg = Release|Win32
		{1DF0C919-6428-4938-ABA5-176139A00734}.Release|x86.Build.0 = Release|Win32
		{6D41EBEC-6E33-4F25-B33A-4D2D14F162D6}.Debug|x64.ActiveCfg = Debug|x64
		{6D41EBEC-6E33-4F25-B33A-4D2D14F162D6}.Debug|x64.Build.0 = Debug|x64
		{6D41EBEC-6E33-4F25-B33A-4D2D14F162D6}.Debug|x86.ActiveCfg = Debug|Win32
		{6D41EBEC-6E33-4F25-B33A-4D2D14F162D6}.Debug|x86.Build.0 = Debug|Win32
		{6D41EBEC-6E33-4F25-B33A-4D2D14F162D6}.Release|x64.ActiveCfg = Release|x64
		{6D41EBEC-6E33-4F25-B33A-4D2D14F162D6}.Release|x64.Build.0 = Release|x64
		{6D41EBEC-6E33-4F25-B33A-4D2D14F162D6}.Release|x86.ActiveCfg = Release|Win32
		{6D41EBEC-6E33-4F25-B33A-4D2D14F162D6}.Release|x86.Build.0 = Release|Win32
		{DE5E99F2-A688-4820-8EB7-F277EB94E106}.Debug|x64.ActiveCfg = Debug|x64
		{DE5E99F2-A688-4820-8EB7-F277EB94E106}.Debug|x64.Build.0 = Debug|x64
		{DE5E99F2-A688-4820-8EB7-F277EB94E106}.Debug|x86.ActiveCfg = Debug|Win32
		{DE5E99F2-A688-4820-8EB7-F277EB94E106}.Debug|x86.Build.0 = Debug|Win32
		{DE5E99F2-A688-4820-8EB7-F277EB94E106}.Release|x64.ActiveCfg = Release|x64
		{DE5E99F2-A688-4820-8EB7-F277EB94E106}.Release|x64.Build.0 = Release|x64
		{DE5E99F2-A688-4820-8EB7-F277EB94E106}.Release|x86.ActiveCfg = Release|Win32
		{DE5E99F2-A688-4820-8EB7-F277EB94E106}.Release|x86.Build.0 = Release|Win32
		{3F11510A-532C-4DF7-8D3B-F1B14DFFB22B}.Debug|x64.ActiveCfg = Debug|x64
		{3F11510A-532C-4DF7-8D3B-F1B14DFFB22B}.Debug|x64.Build.0 = Debug|x64
		{3F11510A-532C-4DF7-8D3B-F1B14DFFB22B}.Debug|x86.ActiveCfg = Debug|Win32
		{3F11510A-532C-4DF7-8D3B-F1B14DFFB22B}.Debug|x86.Build.0 = Debug|Win32
		{3F11510A-532C-4DF7-8D3B-F1B14DFFB22B}.Release|x64.ActiveCfg = Release|x64
		{3F11510A-532C-4DF7-8D3B-F1B14DFFB22B}.Release|x64.Build.0 = Release|x64
		{3F11510A-532C-4DF7-8D3B-F1B14DFFB22B}.Release|x86.ActiveCfg = Release|Win32
		{3F11510A-532C-4DF7-8D3B-F1B14DFFB22B}.Release|x86.Build.0 = Release|Win32
		{6ACAD151-FBCB-411C-9F91-701075D27C5B}.Debug|x64.ActiveCfg = Debug|x64
		{6ACAD151-FBCB-411C-9F91-701075D27C5B}.Debug|x64.Build.0 = Debug|x64
		{6ACAD151-FBCB-411C-9F91-701075D27C5B}.Debug|x86.ActiveCfg = Debug|Win32
		{6ACAD151-FBCB-411C-9F91-701075D27C5B}.Debug|x86.Build.0 = Debug|Win32
		{6ACAD151-FBCB-411C-9F91-701075D27C5B}.Release|x64.ActiveCfg = Release|x64
		{6ACAD151-FBCB-411C-9F91-701075D27C5B}.Release|x64.Build.0 = Release|x64
		{6ACAD151-FBCB-411C-9F91-701075D27C5B}.Release|x86.ActiveCfg = Release|Win32
		{6ACAD151-FBCB-411C-9F91-701075D27C5B}.Release|x86.Build.0 = Release|Win32
		{D5BE4E62-01FB-44D1-AB34-858B0868567D}.Debug|x64.ActiveCfg = Debug|x64
		{D5BE4E62-01FB-44D1-AB34-858B0868567D}.Debug|x64.Build.0 = Debug|x64
		{D5BE4E62-01FB-44D1-AB34-858B0868567D}.Debug|x86.ActiveCfg = Debug|Win32
		{D5BE4E62-01FB-44D1-AB34-858B0868567D}.Debug|x86.Build.0 = Debug|Win32
		{D5BE4E62-01FB-44D1-AB34-858B0868567D}.Release|x64.ActiveCfg = Release|x64
		{D5BE4E62-01FB-44D1-AB34-858B0868567D}.Release|x64.Build.0 = Release|x64
		{D5BE4E62-01FB-44D1-AB34-858B0868567D}.Release|x86.ActiveCfg = Release|Win32
		{D5BE4E62-01FB-44D1-AB34-858B0868567D}.Release|x86.Build.0 = Release|Win32
		{B00275E4-1CDB-4CEC-BEDA-1C1583E2932A}.Debug|x64.ActiveCfg = Debug|x64
		{B00275E4-1CDB-4CEC-BEDA-1C1583E2932A}.Debug|x64.Build.0 = Debug|x64
		{B00275E4-1CDB-4CEC-BEDA-1C1583E2932A}.Debug|x86.ActiveCfg = Debug|Win32
		{B00275E4-1CDB-4CEC-BEDA-1C1583E2932A}.Debug|x86.Build.0 = Debug|Win32
		{B00275E4-1CDB-4CEC-BEDA-1C1583E2932A}.Release|x64.ActiveCfg = Release|x64
		{B00275E4-1CDB-4CEC-BEDA-1C1583E2932A}.Release|x64.Build.0 = Release|x64
		{B00275E4-1CDB-4CEC-BEDA-1C1583E2932A}.Release|x86.ActiveCfg = Release|Win32
		{B00275E4-1CDB-4CEC-BEDA-1C1583E2932A}.Release|x86.Build.0 = Release|Win32
		{6E8298B6-2FF6-40A4-A43C-F5E7CC02685D}.Debug|x64.ActiveCfg = Debug|x64
		{6E8298B6-2FF6-40A4-A43C-F5E7CC02685D}.Debug|x64.Build.0 = Debug|x64
		{6E8298B6-2FF6-40A4-A43C-F5E7CC02685D}.Debug|x86.ActiveCfg = Debug|Win32
		{6E8298B6-2FF6-40A4-A43C-F5E7CC02685D}.Debug|x86.Build.0 = Debug|Win32
		{6E8298B6-2FF6-40A4-A43C-F5E7CC02685D}.Release|x64.ActiveCfg = Release|x64
		{6E8298B6-2FF6-40A4-A43C-F5E7CC02685D}.Release|x64.Build.0 = Release|x64
		{6E8298B6-2FF6-40A4-A43C-F5E7CC02685D}.Release|x86.ActiveCfg = Release|Win32
		{6E8298B6-2FF6-40A4-A43C-F5E7CC02685D}.Release|x86.Build.0 = Release|Win32
		{E188620D-36CF-4B73-AE86-43C0ADE59119}.Debug|x64.ActiveCfg = Debug|x64
		{E188620D-36CF-4B73-AE86-43C0ADE59119}.Debug|x64.Build.0 = Debug|x64
		{E188620D-36CF-4B73-AE86-43C0ADE59119}.Debug|x86.ActiveCfg = Debug|Win32
		{E188620D-36CF-4B73-AE86-43C0ADE59119}.Debug|x86.Build.0 = Debug|Win32
		{E188620D-36CF-4B73-AE86-43C0ADE59119}.Release|x64.ActiveCfg = Release|x64
		{E188620D-36CF-4B73-AE86-43C0ADE59119}.Release|x64.Build.0 = Release|x64
		{E188620D-36CF-4B73-AE86-43C0ADE59119}.Release|x86.ActiveCfg = Release|Win32
		{E188620D-36CF-4B73-AE86-43C0ADE59119}.Release|x86.Build.0 = Release|Win32
		{3ACDB330-BB91-4A0B-899C-42343CAA39B4}.Debug|x64.ActiveCfg = Debug|x64
		{3ACDB330-BB91-4A0B-899C-42343CAA39B4}.Debug|x64.Build.0 = Debug|x64
		{3ACDB330-BB91-4A0B-899C-42343CAA39B4}.Debug|x86.ActiveCfg = Debug|Win32
		{3ACDB330-BB91-4A0B-899C-42343CAA39B4}.Debug|x86.Build.0 = Debug|Win32
		{3ACDB330-BB91-4A0B-899C-42343CAA39B4}.Release|x64.ActiveCfg = Release|x64
		{3ACDB330-BB91-4A0B-899C-42343CAA39B4}.Release|x64.Build.0 = Release|x64
		{3ACDB330-BB91-4A0B-899C-42343CAA39B4}.Release|x86.ActiveCfg = Release|Win32
		{3ACDB330-BB91-4A0B-899C-42343CAA39B4}.Release|x86.Build.0 = Release|Win32
		{E319C396-DED0-40C1-92C8-875687F92372}.Debug|x64.ActiveCfg = Debug|x64
		{E319C396-DED0-40C1-92C8-875687F92372}.Debug|x64.Build.0 = Debug|x64
		{E319C396-DED0-40C1-92C8-875687F92372}.Debug|x86.ActiveCfg = Debug|Win32
		{E319C396-DED0-40C1-92C8-875687F92372}.Debug|x86.Build.0 = Debug|Win32
		{E319C396-DED0-40C1-92C8-875687F92372}.Release|x64.ActiveCfg = Release|x64
		{E319C396-DED0-40C1-92C8-875687F92372}.Release|x64.Build.0 = Release|x64
		{E319C396-DED0-40C1-92C8-875687F92372}.Release|x86.ActiveCfg = Release|Win32
		{E319C396-DED0-40C1-92C8-875687F92372}.Release|x86.Build.0 = Release|Win32
		{320E1CED-A13A-4C41-8ADA-B3A7630BD8B4}.Debug|x64.ActiveCfg = Debug|x64
		{320E1CED-A13A-4C41-8ADA-B3A7630BD8B4}.Debug|x64.Build.0 = Debug|x64
		{320E1CED-A13A-4C41-8ADA-B3A7630BD8B4}.Debug|x86.ActiveCfg = Debug|Win32
		{320E1CED-A13A-4C41-8ADA-B3A7630BD8B4}.Debug|x86.Build.0 = Debug|Win32
		{320E1CED-A13A-4C41-8ADA-B3A7630BD8B4}.Release|x64.ActiveCfg = Release|x64
		{320E1CED-A13A-4C41-8ADA-B3A7630BD8B4}.Release|x64.Build.0 = Release|x64
		{320E1CED-A13A-4C41-8ADA-B3A7630BD8B4}.Release|x86.ActiveCfg = Release|Win32
		{320E1CED-A13A-4C41-8ADA-B3A7630BD8B4}.Release|x86.Build.0 = Release|Win32
		{A8174675-D8F4-4C26-83EB-9F96760C38E2}.Debug|x64.ActiveCfg = Debug|x64
		{A8174675-D8F4-4C26-83EB-9F96760C38E2}.Debug|x64.Build.0 = Debug|x64
		{A8174675-D8F4-4C26-83EB-9F96760C38E2}.Debug|x86.ActiveCfg = Debug|Win32
		{A8174675-D8F4-4C26-83EB-9F96760C38E2}.Debug|x86.Build.0 = Debug|Win32
		{A8174675-D8F4-4C26-83EB-9F96760C38E2}.Release|x64.ActiveCfg = Release|x64
		{A8174675-D8F4-4C26-83EB-9F96760C38E2}.Release|x64.Build.0 = Release|x64
		{A8174675-D8F4-4C26-83EB-9F96760C38E2}.Release|x86.ActiveCfg = Release|Win32
		{A8174675-D8F4-4C26-83EB-9F96760C38E2}.Release|x86.Build.0 = Release|Win32
		{E21CFE62-B004-45F0-992E-42749396E8BE}.Debug|x64.ActiveCfg = Debug|x64
		{E21CFE62-B004-45F0-992E-42749396E8BE}.Debug|x64.Build.0 = Debug|x64
		{E21CFE62-B004-45F0-992E-42749396E8BE}.Debug|x86.ActiveCfg = Debug|Win32
		{E21CFE62-B004-45F0-992E-42749396E8BE}.Debug|x86.Build.0 = Debug|Win32
		{E21CFE62-B004-45F0-992E-42749396E8BE}.Release|x64.ActiveCfg = Release|x64
		{E21CFE62-B004-45F0-992E-42749396E8BE}.Release|x64.Build.0 = Release|x64
		{E21CFE62-B004-45F0-992E-42749396E8BE}.Release|x86.ActiveCfg = Release|Win32
		{E21CFE62-B004-45F0-992E-42749396E8BE}.Release|x86.Build.0 = Release|Win32
		{BB7E2783-3118-4335-8F42-3F6E2D92FBC0}.Debug|x64.ActiveCfg = Debug|x64
		{BB7E2783-3118-4335-8F42-3F6E2D92FBC0}.Debug|x64.Build.0 = Debug|x64
		{BB7E2783-3118-4335-8F42-3F6E2D92FBC0}.Debug|x86.ActiveCfg = Debug|Win32
		{BB7E2783-3118-4335-8F42-3F6E2D92FBC0}.Debug|x86.Build.0 = Debug|Win32
		{BB7E2783-3118-4335-8F42-3F6E2D92FBC0}.Release|x64.ActiveCfg = Release|x64
		{BB7E2783-3118-4335-8F42-3F6E2D92FBC0}.Release|x64.Build.0 = Release|x64
		{BB7E2783-3118-4335-8F42-3F6E2D92FBC0}.Release|x86.ActiveCfg = Release|Win32
		{BB7E2783-3118-4335-8F42-3F6E2D92FBC0}.Release|x86.Build.0 = Release|Win32
		{E02A5AB0-574E-44BF-97DD-0EEA13F6BDAF}.Debug|x64.ActiveCfg = Debug|x64
		{E02A5AB0-574E-44BF-97DD-0EEA13F6BDAF}.Debug|x64.Build.0 = Debug|x64
		{E02A5AB0-574E-44BF-97DD-0EEA13F6BDAF}.Debug|x86.ActiveCfg = Debug|Win32
		{E02A5AB0-574E-44BF-97DD-0EEA13F6BDAF}.Debug|x86.Build.0 = Debug|Win32
		{E02A5AB0-574E-44BF-97DD-0EEA13F6BDAF}.Release|x64.ActiveCfg = Release|x64
		{E02A5AB0-574E-44BF-97DD-0EEA13F6BDAF}.Release|x64.Build.0 = Release|x64
		{E02A5AB0-574E-44BF-97DD-0EEA13F6BDAF}.Release|x86.ActiveCfg = Release|Win32
		{E02A5AB0-574E-44BF-97DD-0EEA13F6BDAF}.Release|x86.Build.0 = Release|Win32
		{F86D19EB-4240-4594-9735-89EE7D67B57C}.Debug|x64.ActiveCfg = Debug|x64
		{F86D19EB-4240-4594-9735-89EE7D67B57C}.Debug|x64.Build.0 = Debug|x64
		{F86D19EB-4240-4594-9735-89EE7D67B57C}.Debug|x86.ActiveCfg = Debug|Win32
		{F86D19EB-4240-4594-9735-89EE7D67B57C}.Debug|x86.Build.0 = Debug|Win32
		{F86D19EB-4240-4594-9735-89EE7D67B57C}.Release|x64.ActiveCfg = Release|x64
		{F86D19EB-4240-4594-9735-89EE7D67B57C}.Release|x64.Build.0 = Release|x64
		{F86D19EB-4240-4594-9735-89EE7D67B57C}.Release|x86.ActiveCfg = Release|Win32
		{F86D19EB-4240-4594-9735-89EE7D67B57C}.Release|x86.Build.0 = Release|Win32
		{301CA2E0-5825-476C-B4EB-E8C41DCD05C3}.Debug|x64.ActiveCfg = Debug|x64
		{301CA2E0-5825-476C-B4EB-E8C41DCD05C3}.Debug|x64.Build.0 = Debug|x64
		{301CA2E0-5825-476C-B4EB-E8C41DCD05C3}.Debug|x86.ActiveCfg = Debug|Win32
		{301CA2E0-5825-476C-B4EB-E8C41DCD05C3}.Debug|x86.Build.0 = Debug|Win32
		{301CA2E0-5825-476C-B4EB-E8C41DCD05C3}.Release|x64.ActiveCfg = Release|x64
		{301CA2E0-5825-476C-B4EB-E8C41DCD05C3}.Release|x64.Build.0 = Release|x64
		{301CA2E0-5825-476C-B4EB-E8C41DCD05C3}.Release|x86.ActiveCfg = Release|Win32
		{301CA2E0-5825-476C-B4EB-E8C41DCD05C3}.Release|x86.Build.0 = Release|Win32
	EndGlobalSection
	GlobalSection(SolutionProperties) = preSolution
		HideSolutionNode = FALSE
	EndGlobalSection
	GlobalSection(ExtensibilityGlobals) = postSolution
		SolutionGuid = {73826919-CAF2-47E8-9506-9B45B6BA7F56}
	EndGlobalSection
EndGlobal
